{
  "version": 4,
  "terraform_version": "1.7.3",
  "serial": 25,
  "lineage": "70bdef0e-30a5-74ec-91b9-b0ba32979180",
  "outputs": {
    "site_url": {
      "value": "http://192.168.3.113/blog/",
      "type": "string"
    },
    "tf_bastion_fip": {
      "value": "192.168.3.166",
      "type": "string"
    },
    "tf_lb_ip": {
      "value": "192.168.3.113",
      "type": "string"
    },
    "tf_router_ip": {
      "value": "192.168.3.86",
      "type": "string"
    }
  },
  "resources": [
    {
      "mode": "data",
      "type": "openstack_compute_flavor_v2",
      "name": "small",
      "provider": "provider[\"registry.opentofu.org/terraform-provider-openstack/openstack\"]",
      "instances": [
        {
          "schema_version": 0,
          "attributes": {
            "description": "",
            "disk": 20,
            "extra_specs": {},
            "flavor_id": "2d357d3d-32c1-4af8-81dd-a71a7d7cf303",
            "id": "2d357d3d-32c1-4af8-81dd-a71a7d7cf303",
            "is_public": true,
            "min_disk": null,
            "min_ram": null,
            "name": "m1.small",
            "ram": 2048,
            "region": null,
            "rx_tx_factor": 1,
            "swap": 0,
            "vcpus": 1
          },
          "sensitive_attributes": []
        }
      ]
    },
    {
      "mode": "data",
      "type": "openstack_images_image_v2",
      "name": "srv-docker-ubuntu2204",
      "provider": "provider[\"registry.opentofu.org/terraform-provider-openstack/openstack\"]",
      "instances": [
        {
          "schema_version": 0,
          "attributes": {
            "checksum": "a865a5d5968facaf482cee747e7a7665",
            "container_format": "bare",
            "created_at": "2023-06-07T18:21:49Z",
            "disk_format": "qcow2",
            "file": "/v2/images/a1bcf0a5-e5c0-4ef1-8e33-e0bf185d7839/file",
            "hidden": false,
            "id": "a1bcf0a5-e5c0-4ef1-8e33-e0bf185d7839",
            "member_status": null,
            "metadata": {},
            "min_disk_gb": 20,
            "min_ram_mb": 0,
            "most_recent": true,
            "name": "srv-docker-ubuntu2204",
            "name_regex": null,
            "owner": "3bbc97afbb294d159ff21a78605a06f9",
            "properties": {
              "base_image_ref": "ece749b8-1736-40e7-ade5-e41114111b6a",
              "boot_roles": "reader,member,admin",
              "hw_machine_type": "pc",
              "image_location": "snapshot",
              "image_state": "available",
              "image_type": "image",
              "instance_uuid": "e9899723-d1f8-445b-a1d1-acaf14a8c8f3",
              "os_hash_algo": "sha512",
              "os_hash_value": "8aff9e8ad3d2793f8807eae284b701e707facb6d1e022a9d7d0aef06767ee34a2d5342b66e6ef4fe03008c26f471e8f9fb0b026e2e0ca10a58ab17d59f8d90f3",
              "owner_id": "3bbc97afbb294d159ff21a78605a06f9",
              "owner_project_name": "admin",
              "owner_user_name": "admin",
              "user_id": "8cd144aa3a7b427fbff32dbf72de6bde"
            },
            "protected": false,
            "region": "RegionOne",
            "schema": "/v2/schemas/image",
            "size_bytes": 2210201600,
            "size_max": null,
            "size_min": null,
            "sort": "name:asc",
            "tag": null,
            "tags": [],
            "updated_at": "2023-06-07T18:24:23Z",
            "visibility": "public"
          },
          "sensitive_attributes": []
        }
      ]
    },
    {
      "mode": "data",
      "type": "openstack_images_image_v2",
      "name": "srv_mysql_ubuntu1804",
      "provider": "provider[\"registry.opentofu.org/terraform-provider-openstack/openstack\"]",
      "instances": [
        {
          "schema_version": 0,
          "attributes": {
            "checksum": "8d53afd16e1b6b46853e7f7b0a440499",
            "container_format": "bare",
            "created_at": "2022-06-23T16:03:47Z",
            "disk_format": "qcow2",
            "file": "/v2/images/ac13f61b-288d-40ca-bbed-e7d836468da3/file",
            "hidden": false,
            "id": "ac13f61b-288d-40ca-bbed-e7d836468da3",
            "member_status": null,
            "metadata": {},
            "min_disk_gb": 20,
            "min_ram_mb": 0,
            "most_recent": true,
            "name": "srv-mysql-ubuntu1804",
            "name_regex": null,
            "owner": "3bbc97afbb294d159ff21a78605a06f9",
            "properties": {
              "base_image_ref": "54ecd32b-cbfa-4320-a75e-8bbc27eda244",
              "boot_roles": "member,admin,reader",
              "hw_machine_type": "pc",
              "image_location": "snapshot",
              "image_state": "available",
              "image_type": "image",
              "instance_uuid": "9fee14c0-9da5-49db-8cb9-15b88b9aadac",
              "os_hash_algo": "sha512",
              "os_hash_value": "e75eaf6a4994f75e3da48a82fb87028009827ea16ebb75f86ced0830ab753fb08c341b79acb5c5d11a464bea8aac17904e47492fd3870c058df9959c8525ffa9",
              "owner_id": "3bbc97afbb294d159ff21a78605a06f9",
              "owner_project_name": "admin",
              "owner_user_name": "admin",
              "user_id": "8cd144aa3a7b427fbff32dbf72de6bde"
            },
            "protected": false,
            "region": "RegionOne",
            "schema": "/v2/schemas/image",
            "size_bytes": 1783103488,
            "size_max": null,
            "size_min": null,
            "sort": "name:asc",
            "tag": null,
            "tags": [],
            "updated_at": "2022-06-23T16:06:21Z",
            "visibility": "public"
          },
          "sensitive_attributes": []
        }
      ]
    },
    {
      "mode": "data",
      "type": "openstack_images_image_v2",
      "name": "srv_nginx_ubuntu1804",
      "provider": "provider[\"registry.opentofu.org/terraform-provider-openstack/openstack\"]",
      "instances": [
        {
          "schema_version": 0,
          "attributes": {
            "checksum": "31ed6e01e7ebbc9e6b0a366abf045829",
            "container_format": "bare",
            "created_at": "2022-06-23T16:18:09Z",
            "disk_format": "qcow2",
            "file": "/v2/images/cb2494cb-afc7-49b6-b4e0-ab96e24db38a/file",
            "hidden": false,
            "id": "cb2494cb-afc7-49b6-b4e0-ab96e24db38a",
            "member_status": null,
            "metadata": {},
            "min_disk_gb": 20,
            "min_ram_mb": 0,
            "most_recent": true,
            "name": "srv-nginx-ubuntu1804",
            "name_regex": null,
            "owner": "3bbc97afbb294d159ff21a78605a06f9",
            "properties": {
              "base_image_ref": "54ecd32b-cbfa-4320-a75e-8bbc27eda244",
              "boot_roles": "member,admin,reader",
              "hw_machine_type": "pc",
              "image_location": "snapshot",
              "image_state": "available",
              "image_type": "image",
              "instance_uuid": "582b858f-3086-420a-a5b6-ef0abc4cf1fe",
              "os_hash_algo": "sha512",
              "os_hash_value": "5063140039452f2cd74e7536c454ce1a3c507fdf5560eb405e8a8d71294f5990cb5fbeb490636f9907f9b6f0ae29584f792a51ce6a82ed20810775d02b26d3d2",
              "owner_id": "3bbc97afbb294d159ff21a78605a06f9",
              "owner_project_name": "admin",
              "owner_user_name": "admin",
              "user_id": "8cd144aa3a7b427fbff32dbf72de6bde"
            },
            "protected": false,
            "region": "RegionOne",
            "schema": "/v2/schemas/image",
            "size_bytes": 1535901696,
            "size_max": null,
            "size_min": null,
            "sort": "name:asc",
            "tag": null,
            "tags": [],
            "updated_at": "2022-06-23T16:21:50Z",
            "visibility": "public"
          },
          "sensitive_attributes": []
        }
      ]
    },
    {
      "mode": "data",
      "type": "openstack_images_image_v2",
      "name": "ubuntu_2204",
      "provider": "provider[\"registry.opentofu.org/terraform-provider-openstack/openstack\"]",
      "instances": [
        {
          "schema_version": 0,
          "attributes": {
            "checksum": "ce68b63a0f25fb6ad172e251a7a16552",
            "container_format": "bare",
            "created_at": "2024-03-06T13:22:14Z",
            "disk_format": "qcow2",
            "file": "/v2/images/e240efd9-b87e-4a91-bb9a-2eecb9ed51ca/file",
            "hidden": false,
            "id": "e240efd9-b87e-4a91-bb9a-2eecb9ed51ca",
            "member_status": null,
            "metadata": {},
            "min_disk_gb": 0,
            "min_ram_mb": 0,
            "most_recent": true,
            "name": "ubuntu_2204",
            "name_regex": null,
            "owner": "3bbc97afbb294d159ff21a78605a06f9",
            "properties": {
              "os_hash_algo": "sha512",
              "os_hash_value": "68839d8394a586bc83429bbc7fb503c5424cce998a8b4722b0c41f2b400802ca580719f6f5857379fab87bf75f078e1b4febe6d07131c5457e7d140fc1a263e1"
            },
            "protected": false,
            "region": "RegionOne",
            "schema": "/v2/schemas/image",
            "size_bytes": 649003008,
            "size_max": null,
            "size_min": null,
            "sort": "name:asc",
            "tag": null,
            "tags": [],
            "updated_at": "2024-03-06T13:38:18Z",
            "visibility": "public"
          },
          "sensitive_attributes": []
        }
      ]
    },
    {
      "mode": "data",
      "type": "openstack_networking_network_v2",
      "name": "ext_net",
      "provider": "provider[\"registry.opentofu.org/terraform-provider-openstack/openstack\"]",
      "instances": [
        {
          "schema_version": 0,
          "attributes": {
            "admin_state_up": "true",
            "all_tags": [],
            "availability_zone_hints": [],
            "description": "",
            "dns_domain": "",
            "external": true,
            "id": "4cd100c4-1652-47b1-b63b-a69f96a06355",
            "matching_subnet_cidr": null,
            "mtu": 1500,
            "name": "ext_net",
            "network_id": null,
            "region": "RegionOne",
            "segments": [],
            "shared": "false",
            "status": null,
            "subnets": [
              "14c24d48-1fc6-4f61-ba48-8b4cc5c5b612",
              "9dd43736-509b-45fe-9cf3-636209072c5c",
              "a2f95ff7-d06a-487e-8f7b-29e711ece6af"
            ],
            "tags": null,
            "tenant_id": "3bbc97afbb294d159ff21a78605a06f9",
            "transparent_vlan": false
          },
          "sensitive_attributes": []
        }
      ]
    },
    {
      "mode": "managed",
      "type": "openstack_compute_floatingip_associate_v2",
      "name": "tf_bastion_fip",
      "provider": "provider[\"registry.opentofu.org/terraform-provider-openstack/openstack\"]",
      "instances": [
        {
          "schema_version": 0,
          "attributes": {
            "fixed_ip": "",
            "floating_ip": "192.168.3.166",
            "id": "192.168.3.166/a0299c39-5737-4bc8-ad17-09f01270b48d/",
            "instance_id": "a0299c39-5737-4bc8-ad17-09f01270b48d",
            "region": "RegionOne",
            "timeouts": null,
            "wait_until_associated": null
          },
          "sensitive_attributes": [],
          "private": "eyJlMmJmYjczMC1lY2FhLTExZTYtOGY4OC0zNDM2M2JjN2M0YzAiOnsiY3JlYXRlIjo2MDAwMDAwMDAwMDB9fQ==",
          "dependencies": [
            "data.openstack_compute_flavor_v2.small",
            "data.openstack_images_image_v2.ubuntu_2204",
            "openstack_compute_instance_v2.tf_bastion",
            "openstack_compute_secgroup_v2.tf_sg_bastion",
            "openstack_networking_floatingip_v2.tf_bastion_fip",
            "openstack_networking_network_v2.tf_net",
            "openstack_networking_subnet_v2.tf_subnet"
          ]
        }
      ]
    },
    {
      "mode": "managed",
      "type": "openstack_compute_floatingip_associate_v2",
      "name": "tf_lb_fip",
      "provider": "provider[\"registry.opentofu.org/terraform-provider-openstack/openstack\"]",
      "instances": [
        {
          "schema_version": 0,
          "attributes": {
            "fixed_ip": "",
            "floating_ip": "192.168.3.113",
            "id": "192.168.3.113/95706559-dfbc-4d4f-b936-a70e740a37ee/",
            "instance_id": "95706559-dfbc-4d4f-b936-a70e740a37ee",
            "region": "RegionOne",
            "timeouts": null,
            "wait_until_associated": null
          },
          "sensitive_attributes": [],
          "private": "eyJlMmJmYjczMC1lY2FhLTExZTYtOGY4OC0zNDM2M2JjN2M0YzAiOnsiY3JlYXRlIjo2MDAwMDAwMDAwMDB9fQ==",
          "dependencies": [
            "data.openstack_compute_flavor_v2.small",
            "data.openstack_images_image_v2.srv-docker-ubuntu2204",
            "data.openstack_images_image_v2.srv_mysql_ubuntu1804",
            "data.openstack_images_image_v2.srv_nginx_ubuntu1804",
            "openstack_compute_instance_v2.tf_db",
            "openstack_compute_instance_v2.tf_lb",
            "openstack_compute_instance_v2.tf_metabase",
            "openstack_compute_secgroup_v2.tf_sg_bastion",
            "openstack_compute_secgroup_v2.tf_sg_db",
            "openstack_compute_secgroup_v2.tf_sg_lb",
            "openstack_compute_secgroup_v2.tf_sg_metabase",
            "openstack_networking_floatingip_v2.tf_lb_fip",
            "openstack_networking_network_v2.tf_net",
            "openstack_networking_subnet_v2.tf_subnet"
          ]
        }
      ]
    },
    {
      "mode": "managed",
      "type": "openstack_compute_instance_v2",
      "name": "tf_bastion",
      "provider": "provider[\"registry.opentofu.org/terraform-provider-openstack/openstack\"]",
      "instances": [
        {
          "schema_version": 0,
          "attributes": {
            "access_ip_v4": "172.19.0.248",
            "access_ip_v6": "",
            "admin_pass": null,
            "all_metadata": {},
            "all_tags": [],
            "availability_zone": "nodos-amd-2022",
            "availability_zone_hints": null,
            "block_device": [],
            "config_drive": null,
            "created": "2024-07-10 15:08:47 +0000 UTC",
            "flavor_id": "2d357d3d-32c1-4af8-81dd-a71a7d7cf303",
            "flavor_name": "m1.small",
            "force_delete": false,
            "id": "a0299c39-5737-4bc8-ad17-09f01270b48d",
            "image_id": "e240efd9-b87e-4a91-bb9a-2eecb9ed51ca",
            "image_name": "ubuntu_2204",
            "key_pair": "LlaveKark",
            "metadata": null,
            "name": "tf-bastion",
            "network": [
              {
                "access_network": false,
                "fixed_ip_v4": "172.19.0.248",
                "fixed_ip_v6": "",
                "mac": "fa:16:3e:c4:82:70",
                "name": "tf-net",
                "port": "",
                "uuid": "be245613-e848-4ff6-bc86-d0d0b6e94257"
              }
            ],
            "network_mode": null,
            "personality": [],
            "power_state": "active",
            "region": "RegionOne",
            "scheduler_hints": [],
            "security_groups": [
              "tf_sg_bastion"
            ],
            "stop_before_destroy": false,
            "tags": null,
            "timeouts": null,
            "updated": "2024-07-10 15:08:54 +0000 UTC",
            "user_data": null,
            "vendor_options": []
          },
          "sensitive_attributes": [],
          "private": "eyJlMmJmYjczMC1lY2FhLTExZTYtOGY4OC0zNDM2M2JjN2M0YzAiOnsiY3JlYXRlIjoxODAwMDAwMDAwMDAwLCJkZWxldGUiOjE4MDAwMDAwMDAwMDAsInVwZGF0ZSI6MTgwMDAwMDAwMDAwMH19",
          "dependencies": [
            "data.openstack_compute_flavor_v2.small",
            "data.openstack_images_image_v2.ubuntu_2204",
            "openstack_compute_secgroup_v2.tf_sg_bastion",
            "openstack_networking_network_v2.tf_net",
            "openstack_networking_subnet_v2.tf_subnet"
          ]
        }
      ]
    },
    {
      "mode": "managed",
      "type": "openstack_compute_instance_v2",
      "name": "tf_db",
      "provider": "provider[\"registry.opentofu.org/terraform-provider-openstack/openstack\"]",
      "instances": [
        {
          "schema_version": 0,
          "attributes": {
            "access_ip_v4": "172.19.0.227",
            "access_ip_v6": "",
            "admin_pass": null,
            "all_metadata": {},
            "all_tags": [],
            "availability_zone": "nodos-amd-2022",
            "availability_zone_hints": null,
            "block_device": [],
            "config_drive": null,
            "created": "2024-07-10 15:08:47 +0000 UTC",
            "flavor_id": "2d357d3d-32c1-4af8-81dd-a71a7d7cf303",
            "flavor_name": "m1.small",
            "force_delete": false,
            "id": "53471ed5-ba14-444c-a830-dfe3938a0e8c",
            "image_id": "ac13f61b-288d-40ca-bbed-e7d836468da3",
            "image_name": "srv-mysql-ubuntu1804",
            "key_pair": "LlaveKark",
            "metadata": null,
            "name": "tf-db",
            "network": [
              {
                "access_network": false,
                "fixed_ip_v4": "172.19.0.227",
                "fixed_ip_v6": "",
                "mac": "fa:16:3e:1f:8c:6a",
                "name": "tf-net",
                "port": "",
                "uuid": "be245613-e848-4ff6-bc86-d0d0b6e94257"
              }
            ],
            "network_mode": null,
            "personality": [],
            "power_state": "active",
            "region": "RegionOne",
            "scheduler_hints": [],
            "security_groups": [
              "tf_sg_db"
            ],
            "stop_before_destroy": false,
            "tags": null,
            "timeouts": null,
            "updated": "2024-07-10 15:08:56 +0000 UTC",
            "user_data": "571936f06a4ef0fe7b141f98e44bba147089bd0a",
            "vendor_options": []
          },
          "sensitive_attributes": [],
          "private": "eyJlMmJmYjczMC1lY2FhLTExZTYtOGY4OC0zNDM2M2JjN2M0YzAiOnsiY3JlYXRlIjoxODAwMDAwMDAwMDAwLCJkZWxldGUiOjE4MDAwMDAwMDAwMDAsInVwZGF0ZSI6MTgwMDAwMDAwMDAwMH19",
          "dependencies": [
            "data.openstack_compute_flavor_v2.small",
            "data.openstack_images_image_v2.srv_mysql_ubuntu1804",
            "openstack_compute_secgroup_v2.tf_sg_bastion",
            "openstack_compute_secgroup_v2.tf_sg_db",
            "openstack_compute_secgroup_v2.tf_sg_lb",
            "openstack_compute_secgroup_v2.tf_sg_metabase",
            "openstack_networking_network_v2.tf_net",
            "openstack_networking_subnet_v2.tf_subnet"
          ]
        }
      ]
    },
    {
      "mode": "managed",
      "type": "openstack_compute_instance_v2",
      "name": "tf_lb",
      "provider": "provider[\"registry.opentofu.org/terraform-provider-openstack/openstack\"]",
      "instances": [
        {
          "schema_version": 0,
          "attributes": {
            "access_ip_v4": "172.19.0.204",
            "access_ip_v6": "",
            "admin_pass": null,
            "all_metadata": {},
            "all_tags": [],
            "availability_zone": "nodos-amd-2022",
            "availability_zone_hints": null,
            "block_device": [],
            "config_drive": null,
            "created": "2024-07-10 15:09:12 +0000 UTC",
            "flavor_id": "2d357d3d-32c1-4af8-81dd-a71a7d7cf303",
            "flavor_name": "m1.small",
            "force_delete": false,
            "id": "95706559-dfbc-4d4f-b936-a70e740a37ee",
            "image_id": "cb2494cb-afc7-49b6-b4e0-ab96e24db38a",
            "image_name": "srv-nginx-ubuntu1804",
            "key_pair": "LlaveKark",
            "metadata": null,
            "name": "tf-lb",
            "network": [
              {
                "access_network": false,
                "fixed_ip_v4": "172.19.0.204",
                "fixed_ip_v6": "",
                "mac": "fa:16:3e:0d:69:0e",
                "name": "tf-net",
                "port": "",
                "uuid": "be245613-e848-4ff6-bc86-d0d0b6e94257"
              }
            ],
            "network_mode": null,
            "personality": [],
            "power_state": "active",
            "region": "RegionOne",
            "scheduler_hints": [],
            "security_groups": [
              "tf_sg_lb"
            ],
            "stop_before_destroy": false,
            "tags": null,
            "timeouts": null,
            "updated": "2024-07-10 15:09:17 +0000 UTC",
            "user_data": "4c5c905a3db1d5e98d607782f49720395e25c371",
            "vendor_options": []
          },
          "sensitive_attributes": [],
          "private": "eyJlMmJmYjczMC1lY2FhLTExZTYtOGY4OC0zNDM2M2JjN2M0YzAiOnsiY3JlYXRlIjoxODAwMDAwMDAwMDAwLCJkZWxldGUiOjE4MDAwMDAwMDAwMDAsInVwZGF0ZSI6MTgwMDAwMDAwMDAwMH19",
          "dependencies": [
            "data.openstack_compute_flavor_v2.small",
            "data.openstack_images_image_v2.srv-docker-ubuntu2204",
            "data.openstack_images_image_v2.srv_mysql_ubuntu1804",
            "data.openstack_images_image_v2.srv_nginx_ubuntu1804",
            "openstack_compute_instance_v2.tf_db",
            "openstack_compute_instance_v2.tf_metabase",
            "openstack_compute_secgroup_v2.tf_sg_bastion",
            "openstack_compute_secgroup_v2.tf_sg_db",
            "openstack_compute_secgroup_v2.tf_sg_lb",
            "openstack_compute_secgroup_v2.tf_sg_metabase",
            "openstack_networking_network_v2.tf_net",
            "openstack_networking_subnet_v2.tf_subnet"
          ]
        }
      ]
    },
    {
      "mode": "managed",
      "type": "openstack_compute_instance_v2",
      "name": "tf_metabase",
      "provider": "provider[\"registry.opentofu.org/terraform-provider-openstack/openstack\"]",
      "instances": [
        {
          "schema_version": 0,
          "attributes": {
            "access_ip_v4": "172.19.0.65",
            "access_ip_v6": "",
            "admin_pass": null,
            "all_metadata": {},
            "all_tags": [],
            "availability_zone": "nodos-amd-2022",
            "availability_zone_hints": null,
            "block_device": [],
            "config_drive": null,
            "created": "2024-07-10 15:09:00 +0000 UTC",
            "flavor_id": "2d357d3d-32c1-4af8-81dd-a71a7d7cf303",
            "flavor_name": "m1.small",
            "force_delete": false,
            "id": "92c2da12-3a12-4726-9d07-78d82c971494",
            "image_id": "a1bcf0a5-e5c0-4ef1-8e33-e0bf185d7839",
            "image_name": "srv-docker-ubuntu2204",
            "key_pair": "LlaveKark",
            "metadata": null,
            "name": "tf_metabase",
            "network": [
              {
                "access_network": false,
                "fixed_ip_v4": "172.19.0.65",
                "fixed_ip_v6": "",
                "mac": "fa:16:3e:48:01:59",
                "name": "tf-net",
                "port": "",
                "uuid": "be245613-e848-4ff6-bc86-d0d0b6e94257"
              }
            ],
            "network_mode": null,
            "personality": [],
            "power_state": "active",
            "region": "RegionOne",
            "scheduler_hints": [],
            "security_groups": [
              "tf_sg_metabase"
            ],
            "stop_before_destroy": false,
            "tags": null,
            "timeouts": null,
            "updated": "2024-07-10 15:09:04 +0000 UTC",
            "user_data": "e27a4d1c34f2bfcfa3f42afe7dcaf77dd938327c",
            "vendor_options": []
          },
          "sensitive_attributes": [],
          "private": "eyJlMmJmYjczMC1lY2FhLTExZTYtOGY4OC0zNDM2M2JjN2M0YzAiOnsiY3JlYXRlIjoxODAwMDAwMDAwMDAwLCJkZWxldGUiOjE4MDAwMDAwMDAwMDAsInVwZGF0ZSI6MTgwMDAwMDAwMDAwMH19",
          "dependencies": [
            "data.openstack_compute_flavor_v2.small",
            "data.openstack_images_image_v2.srv-docker-ubuntu2204",
            "data.openstack_images_image_v2.srv_mysql_ubuntu1804",
            "openstack_compute_instance_v2.tf_db",
            "openstack_compute_secgroup_v2.tf_sg_bastion",
            "openstack_compute_secgroup_v2.tf_sg_db",
            "openstack_compute_secgroup_v2.tf_sg_lb",
            "openstack_compute_secgroup_v2.tf_sg_metabase",
            "openstack_networking_network_v2.tf_net",
            "openstack_networking_subnet_v2.tf_subnet"
          ]
        }
      ]
    },
    {
      "mode": "managed",
      "type": "openstack_compute_secgroup_v2",
      "name": "tf_sg_bastion",
      "provider": "provider[\"registry.opentofu.org/terraform-provider-openstack/openstack\"]",
      "instances": [
        {
          "schema_version": 0,
          "attributes": {
            "description": "tf_sg_bastion",
            "id": "a7cf569a-b567-4c4d-babe-3af82a6b59b8",
            "name": "tf_sg_bastion",
            "region": "RegionOne",
            "rule": [
              {
                "cidr": "0.0.0.0/0",
                "from_group_id": "",
                "from_port": -1,
                "id": "b3d83ca7-df57-47cd-9387-ba7082ffdb34",
                "ip_protocol": "icmp",
                "self": false,
                "to_port": -1
              },
              {
                "cidr": "0.0.0.0/0",
                "from_group_id": "",
                "from_port": 22,
                "id": "61ddf29a-38a5-40af-9bd9-9427bd7ac064",
                "ip_protocol": "tcp",
                "self": false,
                "to_port": 22
              }
            ],
            "timeouts": null
          },
          "sensitive_attributes": [],
          "private": "eyJlMmJmYjczMC1lY2FhLTExZTYtOGY4OC0zNDM2M2JjN2M0YzAiOnsiZGVsZXRlIjo2MDAwMDAwMDAwMDB9fQ=="
        }
      ]
    },
    {
      "mode": "managed",
      "type": "openstack_compute_secgroup_v2",
      "name": "tf_sg_db",
      "provider": "provider[\"registry.opentofu.org/terraform-provider-openstack/openstack\"]",
      "instances": [
        {
          "schema_version": 0,
          "attributes": {
            "description": "tf_sg_db",
            "id": "7b095c9c-f8ec-4fe7-985e-aa51e6508c66",
            "name": "tf_sg_db",
            "region": "RegionOne",
            "rule": [
              {
                "cidr": "",
                "from_group_id": "350d3dc1-3221-4a0b-bd48-6d991e02de57",
                "from_port": 3306,
                "id": "0ebc047d-c803-432e-a709-682cab470252",
                "ip_protocol": "tcp",
                "self": false,
                "to_port": 3306
              },
              {
                "cidr": "",
                "from_group_id": "a7cf569a-b567-4c4d-babe-3af82a6b59b8",
                "from_port": -1,
                "id": "fc9dfb1a-17ce-407e-8ec3-17b8c8688422",
                "ip_protocol": "icmp",
                "self": false,
                "to_port": -1
              },
              {
                "cidr": "",
                "from_group_id": "a7cf569a-b567-4c4d-babe-3af82a6b59b8",
                "from_port": 22,
                "id": "470a7c97-89d1-4816-b051-7cd2382aa76a",
                "ip_protocol": "tcp",
                "self": false,
                "to_port": 22
              }
            ],
            "timeouts": null
          },
          "sensitive_attributes": [],
          "private": "eyJlMmJmYjczMC1lY2FhLTExZTYtOGY4OC0zNDM2M2JjN2M0YzAiOnsiZGVsZXRlIjo2MDAwMDAwMDAwMDB9fQ==",
          "dependencies": [
            "openstack_compute_secgroup_v2.tf_sg_bastion",
            "openstack_compute_secgroup_v2.tf_sg_lb",
            "openstack_compute_secgroup_v2.tf_sg_metabase"
          ]
        }
      ]
    },
    {
      "mode": "managed",
      "type": "openstack_compute_secgroup_v2",
      "name": "tf_sg_lb",
      "provider": "provider[\"registry.opentofu.org/terraform-provider-openstack/openstack\"]",
      "instances": [
        {
          "schema_version": 0,
          "attributes": {
            "description": "tf_sg_lb",
            "id": "637c1aa1-bdd3-429b-b334-10f695a384f4",
            "name": "tf_sg_lb",
            "region": "RegionOne",
            "rule": [
              {
                "cidr": "",
                "from_group_id": "a7cf569a-b567-4c4d-babe-3af82a6b59b8",
                "from_port": -1,
                "id": "960d4ca5-d665-4909-a8ce-d7a799dcc458",
                "ip_protocol": "icmp",
                "self": false,
                "to_port": -1
              },
              {
                "cidr": "",
                "from_group_id": "a7cf569a-b567-4c4d-babe-3af82a6b59b8",
                "from_port": 22,
                "id": "136deaae-e21c-4fa1-9c10-ed4feeae2aa0",
                "ip_protocol": "tcp",
                "self": false,
                "to_port": 22
              },
              {
                "cidr": "0.0.0.0/0",
                "from_group_id": "",
                "from_port": 80,
                "id": "c784e1d2-a6cc-4817-a93b-664ec992a48c",
                "ip_protocol": "tcp",
                "self": false,
                "to_port": 80
              }
            ],
            "timeouts": null
          },
          "sensitive_attributes": [],
          "private": "eyJlMmJmYjczMC1lY2FhLTExZTYtOGY4OC0zNDM2M2JjN2M0YzAiOnsiZGVsZXRlIjo2MDAwMDAwMDAwMDB9fQ==",
          "dependencies": [
            "openstack_compute_secgroup_v2.tf_sg_bastion"
          ]
        }
      ]
    },
    {
      "mode": "managed",
      "type": "openstack_compute_secgroup_v2",
      "name": "tf_sg_metabase",
      "provider": "provider[\"registry.opentofu.org/terraform-provider-openstack/openstack\"]",
      "instances": [
        {
          "schema_version": 0,
          "attributes": {
            "description": "tf_sg_metabase",
            "id": "350d3dc1-3221-4a0b-bd48-6d991e02de57",
            "name": "tf_sg_metabase",
            "region": "RegionOne",
            "rule": [
              {
                "cidr": "",
                "from_group_id": "637c1aa1-bdd3-429b-b334-10f695a384f4",
                "from_port": 3000,
                "id": "1ff906d2-29b1-4a7a-ad8a-c499aaf0a805",
                "ip_protocol": "tcp",
                "self": false,
                "to_port": 3000
              },
              {
                "cidr": "",
                "from_group_id": "a7cf569a-b567-4c4d-babe-3af82a6b59b8",
                "from_port": -1,
                "id": "28e4919b-1109-45a1-8c98-020ae4c439c3",
                "ip_protocol": "icmp",
                "self": false,
                "to_port": -1
              },
              {
                "cidr": "",
                "from_group_id": "a7cf569a-b567-4c4d-babe-3af82a6b59b8",
                "from_port": 22,
                "id": "1984e0a6-4e52-49af-943c-39eafc704801",
                "ip_protocol": "tcp",
                "self": false,
                "to_port": 22
              }
            ],
            "timeouts": null
          },
          "sensitive_attributes": [],
          "private": "eyJlMmJmYjczMC1lY2FhLTExZTYtOGY4OC0zNDM2M2JjN2M0YzAiOnsiZGVsZXRlIjo2MDAwMDAwMDAwMDB9fQ==",
          "dependencies": [
            "openstack_compute_secgroup_v2.tf_sg_bastion",
            "openstack_compute_secgroup_v2.tf_sg_lb"
          ]
        }
      ]
    },
    {
      "mode": "managed",
      "type": "openstack_networking_floatingip_v2",
      "name": "tf_bastion_fip",
      "provider": "provider[\"registry.opentofu.org/terraform-provider-openstack/openstack\"]",
      "instances": [
        {
          "schema_version": 0,
          "attributes": {
            "address": "192.168.3.166",
            "all_tags": [],
            "description": "tf-bastion-ip",
            "dns_domain": "",
            "dns_name": "",
            "fixed_ip": "",
            "id": "2f05d0b0-d766-4181-ae18-02d180868c16",
            "pool": "ext_net",
            "port_id": "",
            "region": "RegionOne",
            "subnet_id": null,
            "subnet_ids": null,
            "tags": null,
            "tenant_id": "b6f2288eb2a042aa82f4928aef37a6d7",
            "timeouts": null,
            "value_specs": null
          },
          "sensitive_attributes": [],
          "private": "eyJlMmJmYjczMC1lY2FhLTExZTYtOGY4OC0zNDM2M2JjN2M0YzAiOnsiY3JlYXRlIjo2MDAwMDAwMDAwMDAsImRlbGV0ZSI6NjAwMDAwMDAwMDAwfX0="
        }
      ]
    },
    {
      "mode": "managed",
      "type": "openstack_networking_floatingip_v2",
      "name": "tf_lb_fip",
      "provider": "provider[\"registry.opentofu.org/terraform-provider-openstack/openstack\"]",
      "instances": [
        {
          "schema_version": 0,
          "attributes": {
            "address": "192.168.3.113",
            "all_tags": [],
            "description": "tf-lb-ip",
            "dns_domain": "",
            "dns_name": "",
            "fixed_ip": "",
            "id": "41437fe5-a299-46e2-828e-4092e3a5d065",
            "pool": "ext_net",
            "port_id": "",
            "region": "RegionOne",
            "subnet_id": null,
            "subnet_ids": null,
            "tags": [],
            "tenant_id": "b6f2288eb2a042aa82f4928aef37a6d7",
            "timeouts": null,
            "value_specs": null
          },
          "sensitive_attributes": [],
          "private": "eyJlMmJmYjczMC1lY2FhLTExZTYtOGY4OC0zNDM2M2JjN2M0YzAiOnsiY3JlYXRlIjo2MDAwMDAwMDAwMDAsImRlbGV0ZSI6NjAwMDAwMDAwMDAwfX0="
        }
      ]
    },
    {
      "mode": "managed",
      "type": "openstack_networking_network_v2",
      "name": "tf_net",
      "provider": "provider[\"registry.opentofu.org/terraform-provider-openstack/openstack\"]",
      "instances": [
        {
          "schema_version": 0,
          "attributes": {
            "admin_state_up": true,
            "all_tags": [],
            "availability_zone_hints": [],
            "description": "",
            "dns_domain": "",
            "external": false,
            "id": "be245613-e848-4ff6-bc86-d0d0b6e94257",
            "mtu": 1450,
            "name": "tf-net",
            "port_security_enabled": true,
            "qos_policy_id": "",
            "region": "RegionOne",
            "segments": [],
            "shared": false,
            "tags": null,
            "tenant_id": "b6f2288eb2a042aa82f4928aef37a6d7",
            "timeouts": null,
            "transparent_vlan": false,
            "value_specs": null
          },
          "sensitive_attributes": [],
          "private": "eyJlMmJmYjczMC1lY2FhLTExZTYtOGY4OC0zNDM2M2JjN2M0YzAiOnsiY3JlYXRlIjo2MDAwMDAwMDAwMDAsImRlbGV0ZSI6NjAwMDAwMDAwMDAwfX0="
        }
      ]
    },
    {
      "mode": "managed",
      "type": "openstack_networking_router_interface_v2",
      "name": "tf_router_iface_internal",
      "provider": "provider[\"registry.opentofu.org/terraform-provider-openstack/openstack\"]",
      "instances": [
        {
          "schema_version": 0,
          "attributes": {
            "force_destroy": false,
            "id": "dbfa001d-70ad-4a7f-907c-6fce7725977c",
            "port_id": "dbfa001d-70ad-4a7f-907c-6fce7725977c",
            "region": "RegionOne",
            "router_id": "b78f307b-f292-4105-a117-ecf5a0d5bced",
            "subnet_id": "2769076c-2adb-46a3-990b-f7dae8ae457d",
            "timeouts": null
          },
          "sensitive_attributes": [],
          "private": "eyJlMmJmYjczMC1lY2FhLTExZTYtOGY4OC0zNDM2M2JjN2M0YzAiOnsiY3JlYXRlIjo2MDAwMDAwMDAwMDAsImRlbGV0ZSI6NjAwMDAwMDAwMDAwfX0=",
          "dependencies": [
            "data.openstack_networking_network_v2.ext_net",
            "openstack_networking_network_v2.tf_net",
            "openstack_networking_router_v2.tf_router",
            "openstack_networking_subnet_v2.tf_subnet"
          ]
        }
      ]
    },
    {
      "mode": "managed",
      "type": "openstack_networking_router_v2",
      "name": "tf_router",
      "provider": "provider[\"registry.opentofu.org/terraform-provider-openstack/openstack\"]",
      "instances": [
        {
          "schema_version": 0,
          "attributes": {
            "admin_state_up": true,
            "all_tags": [],
            "availability_zone_hints": [],
            "description": "",
            "distributed": false,
            "enable_snat": true,
            "external_fixed_ip": [
              {
                "ip_address": "192.168.3.86",
                "subnet_id": "14c24d48-1fc6-4f61-ba48-8b4cc5c5b612"
              },
              {
                "ip_address": "2803:de40:4014:c6ff::10e7",
                "subnet_id": "9dd43736-509b-45fe-9cf3-636209072c5c"
              }
            ],
            "external_network_id": "4cd100c4-1652-47b1-b63b-a69f96a06355",
            "external_subnet_ids": null,
            "id": "b78f307b-f292-4105-a117-ecf5a0d5bced",
            "name": "tf-router",
            "region": "RegionOne",
            "tags": null,
            "tenant_id": "b6f2288eb2a042aa82f4928aef37a6d7",
            "timeouts": null,
            "value_specs": null,
            "vendor_options": []
          },
          "sensitive_attributes": [],
          "private": "eyJlMmJmYjczMC1lY2FhLTExZTYtOGY4OC0zNDM2M2JjN2M0YzAiOnsiY3JlYXRlIjo2MDAwMDAwMDAwMDAsImRlbGV0ZSI6NjAwMDAwMDAwMDAwfX0=",
          "dependencies": [
            "data.openstack_networking_network_v2.ext_net"
          ]
        }
      ]
    },
    {
      "mode": "managed",
      "type": "openstack_networking_subnet_v2",
      "name": "tf_subnet",
      "provider": "provider[\"registry.opentofu.org/terraform-provider-openstack/openstack\"]",
      "instances": [
        {
          "schema_version": 0,
          "attributes": {
            "all_tags": [],
            "allocation_pool": [
              {
                "end": "172.19.0.254",
                "start": "172.19.0.2"
              }
            ],
            "cidr": "172.19.0.0/24",
            "description": "",
            "dns_nameservers": [
              "8.8.8.8",
              "1.1.1.1"
            ],
            "enable_dhcp": true,
            "gateway_ip": "172.19.0.1",
            "id": "2769076c-2adb-46a3-990b-f7dae8ae457d",
            "ip_version": 4,
            "ipv6_address_mode": "",
            "ipv6_ra_mode": "",
            "name": "tf-subnet",
            "network_id": "be245613-e848-4ff6-bc86-d0d0b6e94257",
            "no_gateway": false,
            "prefix_length": null,
            "region": "RegionOne",
            "service_types": [],
            "subnetpool_id": "",
            "tags": null,
            "tenant_id": "b6f2288eb2a042aa82f4928aef37a6d7",
            "timeouts": null,
            "value_specs": null
          },
          "sensitive_attributes": [],
          "private": "eyJlMmJmYjczMC1lY2FhLTExZTYtOGY4OC0zNDM2M2JjN2M0YzAiOnsiY3JlYXRlIjo2MDAwMDAwMDAwMDAsImRlbGV0ZSI6NjAwMDAwMDAwMDAwfX0=",
          "dependencies": [
            "openstack_networking_network_v2.tf_net"
          ]
        }
      ]
    }
  ],
  "check_results": null
}
