{
  "version": 4,
  "terraform_version": "1.7.3",
  "serial": 18,
  "lineage": "70bdef0e-30a5-74ec-91b9-b0ba32979180",
  "outputs": {
    "site_url": {
      "value": "http://192.168.3.168/blog/",
      "type": "string"
    },
    "tf_bastion_fip": {
      "value": "192.168.3.139",
      "type": "string"
    },
    "tf_fe_ip": {
      "value": "192.168.3.168",
      "type": "string"
    },
    "tf_router_ip": {
      "value": "192.168.3.38",
      "type": "string"
    }
  },
  "resources": [
    {
      "mode": "data",
      "type": "openstack_compute_flavor_v2",
      "name": "small",
      "provider": "provider[\"registry.opentofu.org/terraform-provider-openstack/openstack\"]",
      "instances": [
        {
          "schema_version": 0,
          "attributes": {
            "description": "",
            "disk": 20,
            "extra_specs": {},
            "flavor_id": "2d357d3d-32c1-4af8-81dd-a71a7d7cf303",
            "id": "2d357d3d-32c1-4af8-81dd-a71a7d7cf303",
            "is_public": true,
            "min_disk": null,
            "min_ram": null,
            "name": "m1.small",
            "ram": 2048,
            "region": null,
            "rx_tx_factor": 1,
            "swap": 0,
            "vcpus": 1
          },
          "sensitive_attributes": []
        }
      ]
    },
    {
      "mode": "data",
      "type": "openstack_images_image_v2",
      "name": "srv_mysql_ubuntu1804",
      "provider": "provider[\"registry.opentofu.org/terraform-provider-openstack/openstack\"]",
      "instances": [
        {
          "schema_version": 0,
          "attributes": {
            "checksum": "8d53afd16e1b6b46853e7f7b0a440499",
            "container_format": "bare",
            "created_at": "2022-06-23T16:03:47Z",
            "disk_format": "qcow2",
            "file": "/v2/images/ac13f61b-288d-40ca-bbed-e7d836468da3/file",
            "hidden": false,
            "id": "ac13f61b-288d-40ca-bbed-e7d836468da3",
            "member_status": null,
            "metadata": {},
            "min_disk_gb": 20,
            "min_ram_mb": 0,
            "most_recent": true,
            "name": "srv-mysql-ubuntu1804",
            "name_regex": null,
            "owner": "3bbc97afbb294d159ff21a78605a06f9",
            "properties": {
              "base_image_ref": "54ecd32b-cbfa-4320-a75e-8bbc27eda244",
              "boot_roles": "member,admin,reader",
              "hw_machine_type": "pc",
              "image_location": "snapshot",
              "image_state": "available",
              "image_type": "image",
              "instance_uuid": "9fee14c0-9da5-49db-8cb9-15b88b9aadac",
              "os_hash_algo": "sha512",
              "os_hash_value": "e75eaf6a4994f75e3da48a82fb87028009827ea16ebb75f86ced0830ab753fb08c341b79acb5c5d11a464bea8aac17904e47492fd3870c058df9959c8525ffa9",
              "owner_id": "3bbc97afbb294d159ff21a78605a06f9",
              "owner_project_name": "admin",
              "owner_user_name": "admin",
              "user_id": "8cd144aa3a7b427fbff32dbf72de6bde"
            },
            "protected": false,
            "region": "RegionOne",
            "schema": "/v2/schemas/image",
            "size_bytes": 1783103488,
            "size_max": null,
            "size_min": null,
            "sort": "name:asc",
            "tag": null,
            "tags": [],
            "updated_at": "2022-06-23T16:06:21Z",
            "visibility": "public"
          },
          "sensitive_attributes": []
        }
      ]
    },
    {
      "mode": "data",
      "type": "openstack_images_image_v2",
      "name": "srv_nginx_ubuntu1804",
      "provider": "provider[\"registry.opentofu.org/terraform-provider-openstack/openstack\"]",
      "instances": [
        {
          "schema_version": 0,
          "attributes": {
            "checksum": "31ed6e01e7ebbc9e6b0a366abf045829",
            "container_format": "bare",
            "created_at": "2022-06-23T16:18:09Z",
            "disk_format": "qcow2",
            "file": "/v2/images/cb2494cb-afc7-49b6-b4e0-ab96e24db38a/file",
            "hidden": false,
            "id": "cb2494cb-afc7-49b6-b4e0-ab96e24db38a",
            "member_status": null,
            "metadata": {},
            "min_disk_gb": 20,
            "min_ram_mb": 0,
            "most_recent": true,
            "name": "srv-nginx-ubuntu1804",
            "name_regex": null,
            "owner": "3bbc97afbb294d159ff21a78605a06f9",
            "properties": {
              "base_image_ref": "54ecd32b-cbfa-4320-a75e-8bbc27eda244",
              "boot_roles": "member,admin,reader",
              "hw_machine_type": "pc",
              "image_location": "snapshot",
              "image_state": "available",
              "image_type": "image",
              "instance_uuid": "582b858f-3086-420a-a5b6-ef0abc4cf1fe",
              "os_hash_algo": "sha512",
              "os_hash_value": "5063140039452f2cd74e7536c454ce1a3c507fdf5560eb405e8a8d71294f5990cb5fbeb490636f9907f9b6f0ae29584f792a51ce6a82ed20810775d02b26d3d2",
              "owner_id": "3bbc97afbb294d159ff21a78605a06f9",
              "owner_project_name": "admin",
              "owner_user_name": "admin",
              "user_id": "8cd144aa3a7b427fbff32dbf72de6bde"
            },
            "protected": false,
            "region": "RegionOne",
            "schema": "/v2/schemas/image",
            "size_bytes": 1535901696,
            "size_max": null,
            "size_min": null,
            "sort": "name:asc",
            "tag": null,
            "tags": [],
            "updated_at": "2022-06-23T16:21:50Z",
            "visibility": "public"
          },
          "sensitive_attributes": []
        }
      ]
    },
    {
      "mode": "data",
      "type": "openstack_images_image_v2",
      "name": "srv_wordpress_ubuntu1804",
      "provider": "provider[\"registry.opentofu.org/terraform-provider-openstack/openstack\"]",
      "instances": [
        {
          "schema_version": 0,
          "attributes": {
            "checksum": "ea37d4b57fd836ad1156bbece3887c8a",
            "container_format": "bare",
            "created_at": "2022-06-23T16:17:42Z",
            "disk_format": "qcow2",
            "file": "/v2/images/4145ddf7-2254-45ff-8950-e58edd100129/file",
            "hidden": false,
            "id": "4145ddf7-2254-45ff-8950-e58edd100129",
            "member_status": null,
            "metadata": {},
            "min_disk_gb": 20,
            "min_ram_mb": 0,
            "most_recent": true,
            "name": "srv-wordpress-ubuntu1804",
            "name_regex": null,
            "owner": "3bbc97afbb294d159ff21a78605a06f9",
            "properties": {
              "base_image_ref": "54ecd32b-cbfa-4320-a75e-8bbc27eda244",
              "boot_roles": "member,admin,reader",
              "hw_machine_type": "pc",
              "image_location": "snapshot",
              "image_state": "available",
              "image_type": "image",
              "instance_uuid": "0ddaf57a-ea47-4b8a-9f50-094f0ee0ce26",
              "os_hash_algo": "sha512",
              "os_hash_value": "33a7c5bea349a22e8798ab86eea1e0e3d5be7ce30492dce83678d81e732dd5ad1bfb2ad3ec37c665d70c235154c763942ae7c57d7814a740e0164a375b0f49f1",
              "owner_id": "3bbc97afbb294d159ff21a78605a06f9",
              "owner_project_name": "admin",
              "owner_user_name": "admin",
              "user_id": "8cd144aa3a7b427fbff32dbf72de6bde"
            },
            "protected": false,
            "region": "RegionOne",
            "schema": "/v2/schemas/image",
            "size_bytes": 1728708608,
            "size_max": null,
            "size_min": null,
            "sort": "name:asc",
            "tag": null,
            "tags": [],
            "updated_at": "2022-06-23T16:21:25Z",
            "visibility": "public"
          },
          "sensitive_attributes": []
        }
      ]
    },
    {
      "mode": "data",
      "type": "openstack_images_image_v2",
      "name": "ubuntu_2204",
      "provider": "provider[\"registry.opentofu.org/terraform-provider-openstack/openstack\"]",
      "instances": [
        {
          "schema_version": 0,
          "attributes": {
            "checksum": "ce68b63a0f25fb6ad172e251a7a16552",
            "container_format": "bare",
            "created_at": "2024-03-06T13:22:14Z",
            "disk_format": "qcow2",
            "file": "/v2/images/e240efd9-b87e-4a91-bb9a-2eecb9ed51ca/file",
            "hidden": false,
            "id": "e240efd9-b87e-4a91-bb9a-2eecb9ed51ca",
            "member_status": null,
            "metadata": {},
            "min_disk_gb": 0,
            "min_ram_mb": 0,
            "most_recent": true,
            "name": "ubuntu_2204",
            "name_regex": null,
            "owner": "3bbc97afbb294d159ff21a78605a06f9",
            "properties": {
              "os_hash_algo": "sha512",
              "os_hash_value": "68839d8394a586bc83429bbc7fb503c5424cce998a8b4722b0c41f2b400802ca580719f6f5857379fab87bf75f078e1b4febe6d07131c5457e7d140fc1a263e1"
            },
            "protected": false,
            "region": "RegionOne",
            "schema": "/v2/schemas/image",
            "size_bytes": 649003008,
            "size_max": null,
            "size_min": null,
            "sort": "name:asc",
            "tag": null,
            "tags": [],
            "updated_at": "2024-03-06T13:38:18Z",
            "visibility": "public"
          },
          "sensitive_attributes": []
        }
      ]
    },
    {
      "mode": "data",
      "type": "openstack_networking_network_v2",
      "name": "ext_net",
      "provider": "provider[\"registry.opentofu.org/terraform-provider-openstack/openstack\"]",
      "instances": [
        {
          "schema_version": 0,
          "attributes": {
            "admin_state_up": "true",
            "all_tags": [],
            "availability_zone_hints": [],
            "description": "",
            "dns_domain": "",
            "external": true,
            "id": "4cd100c4-1652-47b1-b63b-a69f96a06355",
            "matching_subnet_cidr": null,
            "mtu": 1500,
            "name": "ext_net",
            "network_id": null,
            "region": "RegionOne",
            "segments": [],
            "shared": "false",
            "status": null,
            "subnets": [
              "14c24d48-1fc6-4f61-ba48-8b4cc5c5b612",
              "9dd43736-509b-45fe-9cf3-636209072c5c",
              "a2f95ff7-d06a-487e-8f7b-29e711ece6af"
            ],
            "tags": null,
            "tenant_id": "3bbc97afbb294d159ff21a78605a06f9",
            "transparent_vlan": false
          },
          "sensitive_attributes": []
        }
      ]
    },
    {
      "mode": "managed",
      "type": "openstack_compute_secgroup_v2",
      "name": "tf_sg_app",
      "provider": "provider[\"registry.opentofu.org/terraform-provider-openstack/openstack\"]",
      "instances": [
        {
          "schema_version": 0,
          "attributes": {
            "description": "tf_sg_app",
            "id": "fdf9a7aa-602a-4250-b6bc-0cc1bfc19879",
            "name": "tf_sg_app",
            "region": "RegionOne",
            "rule": [
              {
                "cidr": "",
                "from_group_id": "71517d8e-26ee-4b8c-adc1-827d7dcd1ab6",
                "from_port": -1,
                "id": "5bbf45f1-c280-4bd4-b2f1-e0411e82b9e0",
                "ip_protocol": "icmp",
                "self": false,
                "to_port": -1
              },
              {
                "cidr": "",
                "from_group_id": "71517d8e-26ee-4b8c-adc1-827d7dcd1ab6",
                "from_port": 22,
                "id": "971f1cf1-e807-47b3-8048-a904ef4977d6",
                "ip_protocol": "tcp",
                "self": false,
                "to_port": 22
              },
              {
                "cidr": "",
                "from_group_id": "a08e877b-a1d7-4912-8e4c-13f193c79eec",
                "from_port": 80,
                "id": "2023a354-46e7-4f50-a627-23400c939438",
                "ip_protocol": "tcp",
                "self": false,
                "to_port": 80
              }
            ],
            "timeouts": null
          },
          "sensitive_attributes": [],
          "private": "eyJlMmJmYjczMC1lY2FhLTExZTYtOGY4OC0zNDM2M2JjN2M0YzAiOnsiZGVsZXRlIjo2MDAwMDAwMDAwMDB9fQ==",
          "dependencies": [
            "openstack_compute_secgroup_v2.tf_sg_bastion",
            "openstack_compute_secgroup_v2.tf_sg_fe"
          ]
        }
      ]
    },
    {
      "mode": "managed",
      "type": "openstack_compute_secgroup_v2",
      "name": "tf_sg_bastion",
      "provider": "provider[\"registry.opentofu.org/terraform-provider-openstack/openstack\"]",
      "instances": [
        {
          "schema_version": 0,
          "attributes": {
            "description": "tf_sg_bastion",
            "id": "71517d8e-26ee-4b8c-adc1-827d7dcd1ab6",
            "name": "tf_sg_bastion",
            "region": "RegionOne",
            "rule": [
              {
                "cidr": "0.0.0.0/0",
                "from_group_id": "",
                "from_port": -1,
                "id": "86eaf50d-b857-4946-84d8-83c08305ba3d",
                "ip_protocol": "icmp",
                "self": false,
                "to_port": -1
              },
              {
                "cidr": "0.0.0.0/0",
                "from_group_id": "",
                "from_port": 22,
                "id": "ebefb4f0-80bf-41ca-8ec0-1bc385e15598",
                "ip_protocol": "tcp",
                "self": false,
                "to_port": 22
              }
            ],
            "timeouts": null
          },
          "sensitive_attributes": [],
          "private": "eyJlMmJmYjczMC1lY2FhLTExZTYtOGY4OC0zNDM2M2JjN2M0YzAiOnsiZGVsZXRlIjo2MDAwMDAwMDAwMDB9fQ=="
        }
      ]
    },
    {
      "mode": "managed",
      "type": "openstack_compute_secgroup_v2",
      "name": "tf_sg_db",
      "provider": "provider[\"registry.opentofu.org/terraform-provider-openstack/openstack\"]",
      "instances": [
        {
          "schema_version": 0,
          "attributes": {
            "description": "tf_sg_db",
            "id": "82e17111-5bda-437d-aa1b-02557516ec4f",
            "name": "tf_sg_db",
            "region": "RegionOne",
            "rule": [
              {
                "cidr": "",
                "from_group_id": "71517d8e-26ee-4b8c-adc1-827d7dcd1ab6",
                "from_port": -1,
                "id": "5941767b-d669-4c9c-a651-a40d2e1586c8",
                "ip_protocol": "icmp",
                "self": false,
                "to_port": -1
              },
              {
                "cidr": "",
                "from_group_id": "71517d8e-26ee-4b8c-adc1-827d7dcd1ab6",
                "from_port": 22,
                "id": "11cefc12-c1f2-4385-aa70-e321acc1fa4d",
                "ip_protocol": "tcp",
                "self": false,
                "to_port": 22
              },
              {
                "cidr": "",
                "from_group_id": "fdf9a7aa-602a-4250-b6bc-0cc1bfc19879",
                "from_port": 3306,
                "id": "76341111-b8c6-4301-be6f-f7604538f884",
                "ip_protocol": "tcp",
                "self": false,
                "to_port": 3306
              }
            ],
            "timeouts": null
          },
          "sensitive_attributes": [],
          "private": "eyJlMmJmYjczMC1lY2FhLTExZTYtOGY4OC0zNDM2M2JjN2M0YzAiOnsiZGVsZXRlIjo2MDAwMDAwMDAwMDB9fQ==",
          "dependencies": [
            "openstack_compute_secgroup_v2.tf_sg_app",
            "openstack_compute_secgroup_v2.tf_sg_bastion",
            "openstack_compute_secgroup_v2.tf_sg_fe"
          ]
        }
      ]
    },
    {
      "mode": "managed",
      "type": "openstack_compute_secgroup_v2",
      "name": "tf_sg_fe",
      "provider": "provider[\"registry.opentofu.org/terraform-provider-openstack/openstack\"]",
      "instances": [
        {
          "schema_version": 0,
          "attributes": {
            "description": "tf_sg_fe",
            "id": "a08e877b-a1d7-4912-8e4c-13f193c79eec",
            "name": "tf_sg_fe",
            "region": "RegionOne",
            "rule": [
              {
                "cidr": "",
                "from_group_id": "71517d8e-26ee-4b8c-adc1-827d7dcd1ab6",
                "from_port": -1,
                "id": "2cc2df34-1580-4e46-a3a9-a6735a96af69",
                "ip_protocol": "icmp",
                "self": false,
                "to_port": -1
              },
              {
                "cidr": "",
                "from_group_id": "71517d8e-26ee-4b8c-adc1-827d7dcd1ab6",
                "from_port": 22,
                "id": "ca30b82f-15a2-4fc4-8044-cd8aacf9cb49",
                "ip_protocol": "tcp",
                "self": false,
                "to_port": 22
              },
              {
                "cidr": "0.0.0.0/0",
                "from_group_id": "",
                "from_port": 80,
                "id": "d188983e-b456-4dfe-9956-a63e8a9a61bc",
                "ip_protocol": "tcp",
                "self": false,
                "to_port": 80
              }
            ],
            "timeouts": null
          },
          "sensitive_attributes": [],
          "private": "eyJlMmJmYjczMC1lY2FhLTExZTYtOGY4OC0zNDM2M2JjN2M0YzAiOnsiZGVsZXRlIjo2MDAwMDAwMDAwMDB9fQ==",
          "dependencies": [
            "openstack_compute_secgroup_v2.tf_sg_bastion"
          ]
        }
      ]
    },
    {
      "mode": "managed",
      "type": "openstack_networking_floatingip_v2",
      "name": "tf_bastion_fip",
      "provider": "provider[\"registry.opentofu.org/terraform-provider-openstack/openstack\"]",
      "instances": [
        {
          "schema_version": 0,
          "attributes": {
            "address": "192.168.3.139",
            "all_tags": [],
            "description": "tf-bastion-ip",
            "dns_domain": "",
            "dns_name": "",
            "fixed_ip": "",
            "id": "79758944-4ff0-4f88-bbad-4c8f5eedb67f",
            "pool": "ext_net",
            "port_id": "",
            "region": "RegionOne",
            "subnet_id": null,
            "subnet_ids": null,
            "tags": null,
            "tenant_id": "b6f2288eb2a042aa82f4928aef37a6d7",
            "timeouts": null,
            "value_specs": null
          },
          "sensitive_attributes": [],
          "private": "eyJlMmJmYjczMC1lY2FhLTExZTYtOGY4OC0zNDM2M2JjN2M0YzAiOnsiY3JlYXRlIjo2MDAwMDAwMDAwMDAsImRlbGV0ZSI6NjAwMDAwMDAwMDAwfX0="
        }
      ]
    },
    {
      "mode": "managed",
      "type": "openstack_networking_floatingip_v2",
      "name": "tf_fe_fip",
      "provider": "provider[\"registry.opentofu.org/terraform-provider-openstack/openstack\"]",
      "instances": [
        {
          "schema_version": 0,
          "attributes": {
            "address": "192.168.3.168",
            "all_tags": [],
            "description": "tf-fe-ip",
            "dns_domain": "",
            "dns_name": "",
            "fixed_ip": "",
            "id": "ac7548a7-4810-4785-80ec-d4b464fcad90",
            "pool": "ext_net",
            "port_id": "",
            "region": "RegionOne",
            "subnet_id": null,
            "subnet_ids": null,
            "tags": null,
            "tenant_id": "b6f2288eb2a042aa82f4928aef37a6d7",
            "timeouts": null,
            "value_specs": null
          },
          "sensitive_attributes": [],
          "private": "eyJlMmJmYjczMC1lY2FhLTExZTYtOGY4OC0zNDM2M2JjN2M0YzAiOnsiY3JlYXRlIjo2MDAwMDAwMDAwMDAsImRlbGV0ZSI6NjAwMDAwMDAwMDAwfX0="
        }
      ]
    },
    {
      "mode": "managed",
      "type": "openstack_networking_network_v2",
      "name": "tf_net",
      "provider": "provider[\"registry.opentofu.org/terraform-provider-openstack/openstack\"]",
      "instances": [
        {
          "schema_version": 0,
          "attributes": {
            "admin_state_up": true,
            "all_tags": [],
            "availability_zone_hints": [],
            "description": "",
            "dns_domain": "",
            "external": false,
            "id": "ef16771d-6bc7-48f4-a1ed-e30cd9559b2a",
            "mtu": 1450,
            "name": "tf-net",
            "port_security_enabled": true,
            "qos_policy_id": "",
            "region": "RegionOne",
            "segments": [],
            "shared": false,
            "tags": null,
            "tenant_id": "b6f2288eb2a042aa82f4928aef37a6d7",
            "timeouts": null,
            "transparent_vlan": false,
            "value_specs": null
          },
          "sensitive_attributes": [],
          "private": "eyJlMmJmYjczMC1lY2FhLTExZTYtOGY4OC0zNDM2M2JjN2M0YzAiOnsiY3JlYXRlIjo2MDAwMDAwMDAwMDAsImRlbGV0ZSI6NjAwMDAwMDAwMDAwfX0="
        }
      ]
    },
    {
      "mode": "managed",
      "type": "openstack_networking_router_interface_v2",
      "name": "tf_router_iface_internal",
      "provider": "provider[\"registry.opentofu.org/terraform-provider-openstack/openstack\"]",
      "instances": [
        {
          "schema_version": 0,
          "attributes": {
            "force_destroy": false,
            "id": "4fac5e32-f724-4ffe-ba1c-1cdb690adfd1",
            "port_id": "4fac5e32-f724-4ffe-ba1c-1cdb690adfd1",
            "region": "RegionOne",
            "router_id": "f2d0ad18-f1f8-4e64-b662-50c2ea6987d5",
            "subnet_id": "521ae2a7-6d03-43c0-b0e7-452793d4d57b",
            "timeouts": null
          },
          "sensitive_attributes": [],
          "private": "eyJlMmJmYjczMC1lY2FhLTExZTYtOGY4OC0zNDM2M2JjN2M0YzAiOnsiY3JlYXRlIjo2MDAwMDAwMDAwMDAsImRlbGV0ZSI6NjAwMDAwMDAwMDAwfX0=",
          "dependencies": [
            "data.openstack_networking_network_v2.ext_net",
            "openstack_networking_network_v2.tf_net",
            "openstack_networking_router_v2.tf_router",
            "openstack_networking_subnet_v2.tf_subnet"
          ]
        }
      ]
    },
    {
      "mode": "managed",
      "type": "openstack_networking_router_v2",
      "name": "tf_router",
      "provider": "provider[\"registry.opentofu.org/terraform-provider-openstack/openstack\"]",
      "instances": [
        {
          "schema_version": 0,
          "attributes": {
            "admin_state_up": true,
            "all_tags": [],
            "availability_zone_hints": [],
            "description": "",
            "distributed": false,
            "enable_snat": true,
            "external_fixed_ip": [
              {
                "ip_address": "192.168.3.38",
                "subnet_id": "14c24d48-1fc6-4f61-ba48-8b4cc5c5b612"
              },
              {
                "ip_address": "2803:de40:4014:c6ff::104d",
                "subnet_id": "9dd43736-509b-45fe-9cf3-636209072c5c"
              }
            ],
            "external_network_id": "4cd100c4-1652-47b1-b63b-a69f96a06355",
            "external_subnet_ids": null,
            "id": "f2d0ad18-f1f8-4e64-b662-50c2ea6987d5",
            "name": "tf-router",
            "region": "RegionOne",
            "tags": null,
            "tenant_id": "b6f2288eb2a042aa82f4928aef37a6d7",
            "timeouts": null,
            "value_specs": null,
            "vendor_options": []
          },
          "sensitive_attributes": [],
          "private": "eyJlMmJmYjczMC1lY2FhLTExZTYtOGY4OC0zNDM2M2JjN2M0YzAiOnsiY3JlYXRlIjo2MDAwMDAwMDAwMDAsImRlbGV0ZSI6NjAwMDAwMDAwMDAwfX0=",
          "dependencies": [
            "data.openstack_networking_network_v2.ext_net"
          ]
        }
      ]
    },
    {
      "mode": "managed",
      "type": "openstack_networking_subnet_v2",
      "name": "tf_subnet",
      "provider": "provider[\"registry.opentofu.org/terraform-provider-openstack/openstack\"]",
      "instances": [
        {
          "schema_version": 0,
          "attributes": {
            "all_tags": [],
            "allocation_pool": [
              {
                "end": "172.19.0.254",
                "start": "172.19.0.2"
              }
            ],
            "cidr": "172.19.0.0/24",
            "description": "",
            "dns_nameservers": [
              "8.8.8.8",
              "1.1.1.1"
            ],
            "enable_dhcp": true,
            "gateway_ip": "172.19.0.1",
            "id": "521ae2a7-6d03-43c0-b0e7-452793d4d57b",
            "ip_version": 4,
            "ipv6_address_mode": "",
            "ipv6_ra_mode": "",
            "name": "tf-subnet",
            "network_id": "ef16771d-6bc7-48f4-a1ed-e30cd9559b2a",
            "no_gateway": false,
            "prefix_length": null,
            "region": "RegionOne",
            "service_types": [],
            "subnetpool_id": "",
            "tags": null,
            "tenant_id": "b6f2288eb2a042aa82f4928aef37a6d7",
            "timeouts": null,
            "value_specs": null
          },
          "sensitive_attributes": [],
          "private": "eyJlMmJmYjczMC1lY2FhLTExZTYtOGY4OC0zNDM2M2JjN2M0YzAiOnsiY3JlYXRlIjo2MDAwMDAwMDAwMDAsImRlbGV0ZSI6NjAwMDAwMDAwMDAwfX0=",
          "dependencies": [
            "openstack_networking_network_v2.tf_net"
          ]
        }
      ]
    }
  ],
  "check_results": null
}
